
Microsoft Visual Studio Solution File, Format Version 12.00
# Visual Studio Version 17
VisualStudioVersion = 17.11.35327.3
MinimumVisualStudioVersion = 10.0.40219.1
Project("{9A19103F-16F7-4668-BE54-9A1E7A4F7556}") = "LeaveManagementSystem.Web", "LeaveManagementSystem.Web\LeaveManagementSystem.Web.csproj", "{6422F5FC-B5A6-4D01-9C8E-CCD6CBDAEACF}"
EndProject
Project("{9A19103F-16F7-4668-BE54-9A1E7A4F7556}") = "LeaveManagementSystem.Common", "LeaveManagementSystem.Common\LeaveManagementSystem.Common.csproj", "{17ADF6C7-E007-435E-8CB8-299A6F4E9037}"
EndProject
Project("{FAE04EC0-301F-11D3-BF4B-00C04F79EFBC}") = "LeaveManagementSystem.Data", "LeaveManagementSystem.Data\LeaveManagementSystem.Data.csproj", "{5D5E94C7-8E28-4B6E-BEA2-5341E65DC116}"
EndProject
Project("{FAE04EC0-301F-11D3-BF4B-00C04F79EFBC}") = "LeaveManagementSystem.Application", "LeaveManagementSystem.Application\LeaveManagementSystem.Application.csproj", "{D99959C6-7FD7-4231-8978-D900337F331A}"
EndProject
Global
	GlobalSection(SolutionConfigurationPlatforms) = preSolution
		Debug|Any CPU = Debug|Any CPU
		Release|Any CPU = Release|Any CPU
	EndGlobalSection
	GlobalSection(ProjectConfigurationPlatforms) = postSolution
		{6422F5FC-B5A6-4D01-9C8E-CCD6CBDAEACF}.Debug|Any CPU.ActiveCfg = Debug|Any CPU
		{6422F5FC-B5A6-4D01-9C8E-CCD6CBDAEACF}.Debug|Any CPU.Build.0 = Debug|Any CPU
		{6422F5FC-B5A6-4D01-9C8E-CCD6CBDAEACF}.Release|Any CPU.ActiveCfg = Release|Any CPU
		{6422F5FC-B5A6-4D01-9C8E-CCD6CBDAEACF}.Release|Any CPU.Build.0 = Release|Any CPU
		{17ADF6C7-E007-435E-8CB8-299A6F4E9037}.Debug|Any CPU.ActiveCfg = Debug|Any CPU
		{17ADF6C7-E007-435E-8CB8-299A6F4E9037}.Debug|Any CPU.Build.0 = Debug|Any CPU
		{17ADF6C7-E007-435E-8CB8-299A6F4E9037}.Release|Any CPU.ActiveCfg = Release|Any CPU
		{17ADF6C7-E007-435E-8CB8-299A6F4E9037}.Release|Any CPU.Build.0 = Release|Any CPU
		{5D5E94C7-8E28-4B6E-BEA2-5341E65DC116}.Debug|Any CPU.ActiveCfg = Debug|Any CPU
		{5D5E94C7-8E28-4B6E-BEA2-5341E65DC116}.Debug|Any CPU.Build.0 = Debug|Any CPU
		{5D5E94C7-8E28-4B6E-BEA2-5341E65DC116}.Release|Any CPU.ActiveCfg = Release|Any CPU
		{5D5E94C7-8E28-4B6E-BEA2-5341E65DC116}.Release|Any CPU.Build.0 = Release|Any CPU
		{D99959C6-7FD7-4231-8978-D900337F331A}.Debug|Any CPU.ActiveCfg = Debug|Any CPU
		{D99959C6-7FD7-4231-8978-D900337F331A}.Debug|Any CPU.Build.0 = Debug|Any CPU
		{D99959C6-7FD7-4231-8978-D900337F331A}.Release|Any CPU.ActiveCfg = Release|Any CPU
		{D99959C6-7FD7-4231-8978-D900337F331A}.Release|Any CPU.Build.0 = Release|Any CPU
	EndGlobalSection
	GlobalSection(SolutionProperties) = preSolution
		HideSolutionNode = FALSE
	EndGlobalSection
	GlobalSection(ExtensibilityGlobals) = postSolution
		SolutionGuid = {E1B2C1F8-088B-4C71-9CD9-49EC3673B771}
	EndGlobalSection
EndGlobal
